
Microsoft Visual Studio Solution File, Format Version 12.00
# Visual Studio Version 16
VisualStudioVersion = 16.0.30804.86
MinimumVisualStudioVersion = 10.0.40219.1
Project("{FAE04EC0-301F-11D3-BF4B-00C04F79EFBC}") = "Entities", "Entities\Entities.csproj", "{91AD880A-7C2C-42EC-8C81-BDEB13F27094}"
EndProject
Project("{FAE04EC0-301F-11D3-BF4B-00C04F79EFBC}") = "DataAccess", "DataAccess\DataAccess.csproj", "{B314DEBF-5C37-4C64-84B7-DEB6B4DBCE88}"
EndProject
Project("{FAE04EC0-301F-11D3-BF4B-00C04F79EFBC}") = "Business", "Business\Business.csproj", "{BAB42DB8-A1C9-48F2-AF07-83FC0FF83566}"
EndProject
Project("{FAE04EC0-301F-11D3-BF4B-00C04F79EFBC}") = "Core", "Core\Core.csproj", "{13C39642-7C15-41DB-B5CC-E5244255BE3A}"
EndProject
Project("{FAE04EC0-301F-11D3-BF4B-00C04F79EFBC}") = "MvcUI", "MvcUI\MvcUI.csproj", "{B30DD6F7-CEB5-499A-AAD9-D0DFBFA53BDD}"
EndProject
Global
	GlobalSection(SolutionConfigurationPlatforms) = preSolution
		Debug|Any CPU = Debug|Any CPU
		Release|Any CPU = Release|Any CPU
	EndGlobalSection
	GlobalSection(ProjectConfigurationPlatforms) = postSolution
		{91AD880A-7C2C-42EC-8C81-BDEB13F27094}.Debug|Any CPU.ActiveCfg = Debug|Any CPU
		{91AD880A-7C2C-42EC-8C81-BDEB13F27094}.Debug|Any CPU.Build.0 = Debug|Any CPU
		{91AD880A-7C2C-42EC-8C81-BDEB13F27094}.Release|Any CPU.ActiveCfg = Release|Any CPU
		{91AD880A-7C2C-42EC-8C81-BDEB13F27094}.Release|Any CPU.Build.0 = Release|Any CPU
		{B314DEBF-5C37-4C64-84B7-DEB6B4DBCE88}.Debug|Any CPU.ActiveCfg = Debug|Any CPU
		{B314DEBF-5C37-4C64-84B7-DEB6B4DBCE88}.Debug|Any CPU.Build.0 = Debug|Any CPU
		{B314DEBF-5C37-4C64-84B7-DEB6B4DBCE88}.Release|Any CPU.ActiveCfg = Release|Any CPU
		{B314DEBF-5C37-4C64-84B7-DEB6B4DBCE88}.Release|Any CPU.Build.0 = Release|Any CPU
		{BAB42DB8-A1C9-48F2-AF07-83FC0FF83566}.Debug|Any CPU.ActiveCfg = Debug|Any CPU
		{BAB42DB8-A1C9-48F2-AF07-83FC0FF83566}.Debug|Any CPU.Build.0 = Debug|Any CPU
		{BAB42DB8-A1C9-48F2-AF07-83FC0FF83566}.Release|Any CPU.ActiveCfg = Release|Any CPU
		{BAB42DB8-A1C9-48F2-AF07-83FC0FF83566}.Release|Any CPU.Build.0 = Release|Any CPU
		{13C39642-7C15-41DB-B5CC-E5244255BE3A}.Debug|Any CPU.ActiveCfg = Debug|Any CPU
		{13C39642-7C15-41DB-B5CC-E5244255BE3A}.Debug|Any CPU.Build.0 = Debug|Any CPU
		{13C39642-7C15-41DB-B5CC-E5244255BE3A}.Release|Any CPU.ActiveCfg = Release|Any CPU
		{13C39642-7C15-41DB-B5CC-E5244255BE3A}.Release|Any CPU.Build.0 = Release|Any CPU
		{B30DD6F7-CEB5-499A-AAD9-D0DFBFA53BDD}.Debug|Any CPU.ActiveCfg = Debug|Any CPU
		{B30DD6F7-CEB5-499A-AAD9-D0DFBFA53BDD}.Debug|Any CPU.Build.0 = Debug|Any CPU
		{B30DD6F7-CEB5-499A-AAD9-D0DFBFA53BDD}.Release|Any CPU.ActiveCfg = Release|Any CPU
		{B30DD6F7-CEB5-499A-AAD9-D0DFBFA53BDD}.Release|Any CPU.Build.0 = Release|Any CPU
	EndGlobalSection
	GlobalSection(SolutionProperties) = preSolution
		HideSolutionNode = FALSE
	EndGlobalSection
	GlobalSection(ExtensibilityGlobals) = postSolution
		SolutionGuid = {DC5673C2-1116-4AB9-8DE1-02AEB91884C1}
	EndGlobalSection
EndGlobal
